
Microsoft Visual Studio Solution File, Format Version 12.00
# Visual Studio 15
VisualStudioVersion = 15.0.28307.960
MinimumVisualStudioVersion = 10.0.40219.1
Project("{9A19103F-16F7-4668-BE54-9A1E7A4F7556}") = "Microfunctions.Functions.Document", "Microfunctions.Functions.Document\Microfunctions.Functions.Document.csproj", "{91699638-F698-4785-A76D-60E06DCB0668}"
EndProject
Project("{2150E333-8FDC-42A3-9474-1A3956D46DE8}") = "Functions", "Functions", "{BF04F0CD-059E-47A7-810B-C0C2861034EB}"
EndProject
Project("{2150E333-8FDC-42A3-9474-1A3956D46DE8}") = "Services", "Services", "{63DED2B9-9E3D-40A9-9ED4-6C9FC40DD029}"
EndProject
Project("{2150E333-8FDC-42A3-9474-1A3956D46DE8}") = "Clients", "Clients", "{0B56EF45-1CBD-4C24-8092-F7E46F15CB87}"
EndProject
Project("{9A19103F-16F7-4668-BE54-9A1E7A4F7556}") = "Microfunctions.Services.Document", "Microfunctions.Services.Document\Microfunctions.Services.Document.csproj", "{04CDE677-81F0-4E13-849A-E808F494947D}"
EndProject
Project("{9A19103F-16F7-4668-BE54-9A1E7A4F7556}") = "Microfunctions.Clients.Document", "Microfunctions.Clients.Document\Microfunctions.Clients.Document.csproj", "{300D282E-A4A3-4566-BE3E-E69C8304CE98}"
EndProject
Project("{2150E333-8FDC-42A3-9474-1A3956D46DE8}") = "Apps", "Apps", "{FEF4F838-F0E4-4E2E-B418-0B6ED7853D9B}"
EndProject
Project("{2150E333-8FDC-42A3-9474-1A3956D46DE8}") = "Infrastructure", "Infrastructure", "{C8537FAA-291C-40F5-A7B6-2782F8433A22}"
EndProject
Project("{FAE04EC0-301F-11D3-BF4B-00C04F79EFBC}") = "Microfunctions.Infrastructure", "Microfunctions.Infrastructure\Microfunctions.Infrastructure.csproj", "{2BF4348A-0811-4E7D-A4AD-0B0392C471CD}"
EndProject
Project("{FAE04EC0-301F-11D3-BF4B-00C04F79EFBC}") = "Microfunctions.Api", "Microfunctions.Api\Microfunctions.Api.csproj", "{58FF02B6-309E-45DF-9E58-AF27E869301D}"
EndProject
Global
	GlobalSection(SolutionConfigurationPlatforms) = preSolution
		Debug|Any CPU = Debug|Any CPU
		Release|Any CPU = Release|Any CPU
	EndGlobalSection
	GlobalSection(ProjectConfigurationPlatforms) = postSolution
		{91699638-F698-4785-A76D-60E06DCB0668}.Debug|Any CPU.ActiveCfg = Debug|Any CPU
		{91699638-F698-4785-A76D-60E06DCB0668}.Debug|Any CPU.Build.0 = Debug|Any CPU
		{91699638-F698-4785-A76D-60E06DCB0668}.Release|Any CPU.ActiveCfg = Release|Any CPU
		{91699638-F698-4785-A76D-60E06DCB0668}.Release|Any CPU.Build.0 = Release|Any CPU
		{04CDE677-81F0-4E13-849A-E808F494947D}.Debug|Any CPU.ActiveCfg = Debug|Any CPU
		{04CDE677-81F0-4E13-849A-E808F494947D}.Debug|Any CPU.Build.0 = Debug|Any CPU
		{04CDE677-81F0-4E13-849A-E808F494947D}.Release|Any CPU.ActiveCfg = Release|Any CPU
		{04CDE677-81F0-4E13-849A-E808F494947D}.Release|Any CPU.Build.0 = Release|Any CPU
		{300D282E-A4A3-4566-BE3E-E69C8304CE98}.Debug|Any CPU.ActiveCfg = Debug|Any CPU
		{300D282E-A4A3-4566-BE3E-E69C8304CE98}.Debug|Any CPU.Build.0 = Debug|Any CPU
		{300D282E-A4A3-4566-BE3E-E69C8304CE98}.Release|Any CPU.ActiveCfg = Release|Any CPU
		{300D282E-A4A3-4566-BE3E-E69C8304CE98}.Release|Any CPU.Build.0 = Release|Any CPU
		{2BF4348A-0811-4E7D-A4AD-0B0392C471CD}.Debug|Any CPU.ActiveCfg = Debug|Any CPU
		{2BF4348A-0811-4E7D-A4AD-0B0392C471CD}.Debug|Any CPU.Build.0 = Debug|Any CPU
		{2BF4348A-0811-4E7D-A4AD-0B0392C471CD}.Release|Any CPU.ActiveCfg = Release|Any CPU
		{2BF4348A-0811-4E7D-A4AD-0B0392C471CD}.Release|Any CPU.Build.0 = Release|Any CPU
		{58FF02B6-309E-45DF-9E58-AF27E869301D}.Debug|Any CPU.ActiveCfg = Debug|Any CPU
		{58FF02B6-309E-45DF-9E58-AF27E869301D}.Debug|Any CPU.Build.0 = Debug|Any CPU
		{58FF02B6-309E-45DF-9E58-AF27E869301D}.Release|Any CPU.ActiveCfg = Release|Any CPU
		{58FF02B6-309E-45DF-9E58-AF27E869301D}.Release|Any CPU.Build.0 = Release|Any CPU
	EndGlobalSection
	GlobalSection(SolutionProperties) = preSolution
		HideSolutionNode = FALSE
	EndGlobalSection
	GlobalSection(NestedProjects) = preSolution
		{91699638-F698-4785-A76D-60E06DCB0668} = {BF04F0CD-059E-47A7-810B-C0C2861034EB}
		{04CDE677-81F0-4E13-849A-E808F494947D} = {63DED2B9-9E3D-40A9-9ED4-6C9FC40DD029}
		{300D282E-A4A3-4566-BE3E-E69C8304CE98} = {0B56EF45-1CBD-4C24-8092-F7E46F15CB87}
		{2BF4348A-0811-4E7D-A4AD-0B0392C471CD} = {C8537FAA-291C-40F5-A7B6-2782F8433A22}
		{58FF02B6-309E-45DF-9E58-AF27E869301D} = {FEF4F838-F0E4-4E2E-B418-0B6ED7853D9B}
	EndGlobalSection
	GlobalSection(ExtensibilityGlobals) = postSolution
		SolutionGuid = {AF48BE1E-CC5A-47F1-8857-AAD22CF0D15A}
	EndGlobalSection
EndGlobal
